// !$*UTF8*$!
{
	archiveVersion = 1;
	classes = {
	};
	objectVersion = 46;
	objects = {

/* Begin PBXBuildFile section */
		4D152E611E4793CB00234625 /* LICENSE.txt in Resources */ = {isa = PBXBuildFile; fileRef = 4D152E541E4793CB00234625 /* LICENSE.txt */; };
		4D152E621E4793CB00234625 /* Roboto-Black.ttf in Resources */ = {isa = PBXBuildFile; fileRef = 4D152E551E4793CB00234625 /* Roboto-Black.ttf */; };
		4D152E631E4793CB00234625 /* Roboto-BlackItalic.ttf in Resources */ = {isa = PBXBuildFile; fileRef = 4D152E561E4793CB00234625 /* Roboto-BlackItalic.ttf */; };
		4D152E641E4793CB00234625 /* Roboto-Bold.ttf in Resources */ = {isa = PBXBuildFile; fileRef = 4D152E571E4793CB00234625 /* Roboto-Bold.ttf */; };
		4D152E651E4793CB00234625 /* Roboto-BoldItalic.ttf in Resources */ = {isa = PBXBuildFile; fileRef = 4D152E581E4793CB00234625 /* Roboto-BoldItalic.ttf */; };
		4D152E661E4793CB00234625 /* Roboto-Italic.ttf in Resources */ = {isa = PBXBuildFile; fileRef = 4D152E591E4793CB00234625 /* Roboto-Italic.ttf */; };
		4D152E671E4793CB00234625 /* Roboto-Light.ttf in Resources */ = {isa = PBXBuildFile; fileRef = 4D152E5A1E4793CB00234625 /* Roboto-Light.ttf */; };
		4D152E681E4793CB00234625 /* Roboto-LightItalic.ttf in Resources */ = {isa = PBXBuildFile; fileRef = 4D152E5B1E4793CB00234625 /* Roboto-LightItalic.ttf */; };
		4D152E691E4793CB00234625 /* Roboto-Medium.ttf in Resources */ = {isa = PBXBuildFile; fileRef = 4D152E5C1E4793CB00234625 /* Roboto-Medium.ttf */; };
		4D152E6A1E4793CB00234625 /* Roboto-MediumItalic.ttf in Resources */ = {isa = PBXBuildFile; fileRef = 4D152E5D1E4793CB00234625 /* Roboto-MediumItalic.ttf */; };
		4D152E6B1E4793CB00234625 /* Roboto-Regular.ttf in Resources */ = {isa = PBXBuildFile; fileRef = 4D152E5E1E4793CB00234625 /* Roboto-Regular.ttf */; };
		4D152E6C1E4793CB00234625 /* Roboto-Thin.ttf in Resources */ = {isa = PBXBuildFile; fileRef = 4D152E5F1E4793CB00234625 /* Roboto-Thin.ttf */; };
		4D152E6D1E4793CB00234625 /* Roboto-ThinItalic.ttf in Resources */ = {isa = PBXBuildFile; fileRef = 4D152E601E4793CB00234625 /* Roboto-ThinItalic.ttf */; };
		AB9348F11E3A6D1B00AB8521 /* AppDelegate.swift in Sources */ = {isa = PBXBuildFile; fileRef = AB9348F01E3A6D1B00AB8521 /* AppDelegate.swift */; };
		AB9348F31E3A6D1B00AB8521 /* MasterViewController.swift in Sources */ = {isa = PBXBuildFile; fileRef = AB9348F21E3A6D1B00AB8521 /* MasterViewController.swift */; };
		AB9348F51E3A6D1B00AB8521 /* DetailViewController.swift in Sources */ = {isa = PBXBuildFile; fileRef = AB9348F41E3A6D1B00AB8521 /* DetailViewController.swift */; };
		AB9348F81E3A6D1B00AB8521 /* Main.storyboard in Resources */ = {isa = PBXBuildFile; fileRef = AB9348F61E3A6D1B00AB8521 /* Main.storyboard */; };
		AB9348FA1E3A6D1B00AB8521 /* Assets.xcassets in Resources */ = {isa = PBXBuildFile; fileRef = AB9348F91E3A6D1B00AB8521 /* Assets.xcassets */; };
		AB9348FD1E3A6D1B00AB8521 /* LaunchScreen.storyboard in Resources */ = {isa = PBXBuildFile; fileRef = AB9348FB1E3A6D1B00AB8521 /* LaunchScreen.storyboard */; };
/* End PBXBuildFile section */

/* Begin PBXFileReference section */
		4D152E541E4793CB00234625 /* LICENSE.txt */ = {isa = PBXFileReference; fileEncoding = 4; lastKnownFileType = text; path = LICENSE.txt; sourceTree = "<group>"; };
		4D152E551E4793CB00234625 /* Roboto-Black.ttf */ = {isa = PBXFileReference; lastKnownFileType = file; path = "Roboto-Black.ttf"; sourceTree = "<group>"; };
		4D152E561E4793CB00234625 /* Roboto-BlackItalic.ttf */ = {isa = PBXFileReference; lastKnownFileType = file; path = "Roboto-BlackItalic.ttf"; sourceTree = "<group>"; };
		4D152E571E4793CB00234625 /* Roboto-Bold.ttf */ = {isa = PBXFileReference; lastKnownFileType = file; path = "Roboto-Bold.ttf"; sourceTree = "<group>"; };
		4D152E581E4793CB00234625 /* Roboto-BoldItalic.ttf */ = {isa = PBXFileReference; lastKnownFileType = file; path = "Roboto-BoldItalic.ttf"; sourceTree = "<group>"; };
		4D152E591E4793CB00234625 /* Roboto-Italic.ttf */ = {isa = PBXFileReference; lastKnownFileType = file; path = "Roboto-Italic.ttf"; sourceTree = "<group>"; };
		4D152E5A1E4793CB00234625 /* Roboto-Light.ttf */ = {isa = PBXFileReference; lastKnownFileType = file; path = "Roboto-Light.ttf"; sourceTree = "<group>"; };
		4D152E5B1E4793CB00234625 /* Roboto-LightItalic.ttf */ = {isa = PBXFileReference; lastKnownFileType = file; path = "Roboto-LightItalic.ttf"; sourceTree = "<group>"; };
		4D152E5C1E4793CB00234625 /* Roboto-Medium.ttf */ = {isa = PBXFileReference; lastKnownFileType = file; path = "Roboto-Medium.ttf"; sourceTree = "<group>"; };
		4D152E5D1E4793CB00234625 /* Roboto-MediumItalic.ttf */ = {isa = PBXFileReference; lastKnownFileType = file; path = "Roboto-MediumItalic.ttf"; sourceTree = "<group>"; };
		4D152E5E1E4793CB00234625 /* Roboto-Regular.ttf */ = {isa = PBXFileReference; lastKnownFileType = file; path = "Roboto-Regular.ttf"; sourceTree = "<group>"; };
		4D152E5F1E4793CB00234625 /* Roboto-Thin.ttf */ = {isa = PBXFileReference; lastKnownFileType = file; path = "Roboto-Thin.ttf"; sourceTree = "<group>"; };
		4D152E601E4793CB00234625 /* Roboto-ThinItalic.ttf */ = {isa = PBXFileReference; lastKnownFileType = file; path = "Roboto-ThinItalic.ttf"; sourceTree = "<group>"; };
		AB9348ED1E3A6D1B00AB8521 /* JBFileManager.app */ = {isa = PBXFileReference; explicitFileType = wrapper.application; includeInIndex = 0; path = JBFileManager.app; sourceTree = BUILT_PRODUCTS_DIR; };
		AB9348F01E3A6D1B00AB8521 /* AppDelegate.swift */ = {isa = PBXFileReference; lastKnownFileType = sourcecode.swift; path = AppDelegate.swift; sourceTree = "<group>"; };
		AB9348F21E3A6D1B00AB8521 /* MasterViewController.swift */ = {isa = PBXFileReference; lastKnownFileType = sourcecode.swift; path = MasterViewController.swift; sourceTree = "<group>"; };
		AB9348F41E3A6D1B00AB8521 /* DetailViewController.swift */ = {isa = PBXFileReference; lastKnownFileType = sourcecode.swift; path = DetailViewController.swift; sourceTree = "<group>"; };
		AB9348F71E3A6D1B00AB8521 /* Base */ = {isa = PBXFileReference; lastKnownFileType = file.storyboard; name = Base; path = Base.lproj/Main.storyboard; sourceTree = "<group>"; };
		AB9348F91E3A6D1B00AB8521 /* Assets.xcassets */ = {isa = PBXFileReference; lastKnownFileType = folder.assetcatalog; path = Assets.xcassets; sourceTree = "<group>"; };
		AB9348FC1E3A6D1B00AB8521 /* Base */ = {isa = PBXFileReference; lastKnownFileType = file.storyboard; name = Base; path = Base.lproj/LaunchScreen.storyboard; sourceTree = "<group>"; };
		AB9348FE1E3A6D1B00AB8521 /* Info.plist */ = {isa = PBXFileReference; lastKnownFileType = text.plist.xml; path = Info.plist; sourceTree = "<group>"; };
/* End PBXFileReference section */

/* Begin PBXFrameworksBuildPhase section */
		AB9348EA1E3A6D1B00AB8521 /* Frameworks */ = {
			isa = PBXFrameworksBuildPhase;
			buildActionMask = 2147483647;
			files = (
			);
			runOnlyForDeploymentPostprocessing = 0;
		};
/* End PBXFrameworksBuildPhase section */

/* Begin PBXGroup section */
		4D152E511E4793CB00234625 /* Supporting Files */ = {
			isa = PBXGroup;
			children = (
				4D152E521E4793CB00234625 /* Fonts */,
			);
			path = "Supporting Files";
			sourceTree = "<group>";
		};
		4D152E521E4793CB00234625 /* Fonts */ = {
			isa = PBXGroup;
			children = (
				4D152E531E4793CB00234625 /* Roboto */,
			);
			path = Fonts;
			sourceTree = "<group>";
		};
		4D152E531E4793CB00234625 /* Roboto */ = {
			isa = PBXGroup;
			children = (
				4D152E541E4793CB00234625 /* LICENSE.txt */,
				4D152E551E4793CB00234625 /* Roboto-Black.ttf */,
				4D152E561E4793CB00234625 /* Roboto-BlackItalic.ttf */,
				4D152E571E4793CB00234625 /* Roboto-Bold.ttf */,
				4D152E581E4793CB00234625 /* Roboto-BoldItalic.ttf */,
				4D152E591E4793CB00234625 /* Roboto-Italic.ttf */,
				4D152E5A1E4793CB00234625 /* Roboto-Light.ttf */,
				4D152E5B1E4793CB00234625 /* Roboto-LightItalic.ttf */,
				4D152E5C1E4793CB00234625 /* Roboto-Medium.ttf */,
				4D152E5D1E4793CB00234625 /* Roboto-MediumItalic.ttf */,
				4D152E5E1E4793CB00234625 /* Roboto-Regular.ttf */,
				4D152E5F1E4793CB00234625 /* Roboto-Thin.ttf */,
				4D152E601E4793CB00234625 /* Roboto-ThinItalic.ttf */,
			);
			path = Roboto;
			sourceTree = "<group>";
		};
		AB9348E41E3A6D1B00AB8521 = {
			isa = PBXGroup;
			children = (
				AB9348EF1E3A6D1B00AB8521 /* JBFileManager */,
				AB9348EE1E3A6D1B00AB8521 /* Products */,
			);
			sourceTree = "<group>";
		};
		AB9348EE1E3A6D1B00AB8521 /* Products */ = {
			isa = PBXGroup;
			children = (
				AB9348ED1E3A6D1B00AB8521 /* JBFileManager.app */,
			);
			name = Products;
			sourceTree = "<group>";
		};
		AB9348EF1E3A6D1B00AB8521 /* JBFileManager */ = {
			isa = PBXGroup;
			children = (
				AB9348F01E3A6D1B00AB8521 /* AppDelegate.swift */,
				AB9348F21E3A6D1B00AB8521 /* MasterViewController.swift */,
				AB9348F41E3A6D1B00AB8521 /* DetailViewController.swift */,
				AB9348F61E3A6D1B00AB8521 /* Main.storyboard */,
				AB9348F91E3A6D1B00AB8521 /* Assets.xcassets */,
				AB9348FB1E3A6D1B00AB8521 /* LaunchScreen.storyboard */,
				AB9348FE1E3A6D1B00AB8521 /* Info.plist */,
				4D152E511E4793CB00234625 /* Supporting Files */,
			);
			path = JBFileManager;
			sourceTree = "<group>";
		};
/* End PBXGroup section */

/* Begin PBXNativeTarget section */
		AB9348EC1E3A6D1B00AB8521 /* JBFileManager */ = {
			isa = PBXNativeTarget;
			buildConfigurationList = AB9349011E3A6D1B00AB8521 /* Build configuration list for PBXNativeTarget "JBFileManager" */;
			buildPhases = (
				AB9348E91E3A6D1B00AB8521 /* Sources */,
				AB9348EA1E3A6D1B00AB8521 /* Frameworks */,
				AB9348EB1E3A6D1B00AB8521 /* Resources */,
			);
			buildRules = (
			);
			dependencies = (
			);
			name = JBFileManager;
			productName = JBFileManager;
			productReference = AB9348ED1E3A6D1B00AB8521 /* JBFileManager.app */;
			productType = "com.apple.product-type.application";
		};
/* End PBXNativeTarget section */

/* Begin PBXProject section */
		AB9348E51E3A6D1B00AB8521 /* Project object */ = {
			isa = PBXProject;
			attributes = {
				LastSwiftUpdateCheck = 0820;
				LastUpgradeCheck = 0820;
				ORGANIZATIONNAME = JB;
				TargetAttributes = {
					AB9348EC1E3A6D1B00AB8521 = {
						CreatedOnToolsVersion = 8.2.1;
						DevelopmentTeam = 85N3S3DG8M;
						ProvisioningStyle = Automatic;
					};
				};
			};
			buildConfigurationList = AB9348E81E3A6D1B00AB8521 /* Build configuration list for PBXProject "JBFileManager" */;
			compatibilityVersion = "Xcode 3.2";
			developmentRegion = English;
			hasScannedForEncodings = 0;
			knownRegions = (
				en,
				Base,
			);
			mainGroup = AB9348E41E3A6D1B00AB8521;
			productRefGroup = AB9348EE1E3A6D1B00AB8521 /* Products */;
			projectDirPath = "";
			projectRoot = "";
			targets = (
				AB9348EC1E3A6D1B00AB8521 /* JBFileManager */,
			);
		};
/* End PBXProject section */

/* Begin PBXResourcesBuildPhase section */
		AB9348EB1E3A6D1B00AB8521 /* Resources */ = {
			isa = PBXResourcesBuildPhase;
			buildActionMask = 2147483647;
			files = (
				4D152E641E4793CB00234625 /* Roboto-Bold.ttf in Resources */,
				4D152E681E4793CB00234625 /* Roboto-LightItalic.ttf in Resources */,
				4D152E6A1E4793CB00234625 /* Roboto-MediumItalic.ttf in Resources */,
				4D152E661E4793CB00234625 /* Roboto-Italic.ttf in Resources */,
				4D152E671E4793CB00234625 /* Roboto-Light.ttf in Resources */,
				4D152E611E4793CB00234625 /* LICENSE.txt in Resources */,
				4D152E651E4793CB00234625 /* Roboto-BoldItalic.ttf in Resources */,
				4D152E631E4793CB00234625 /* Roboto-BlackItalic.ttf in Resources */,
				4D152E6C1E4793CB00234625 /* Roboto-Thin.ttf in Resources */,
				4D152E6B1E4793CB00234625 /* Roboto-Regular.ttf in Resources */,
				AB9348FD1E3A6D1B00AB8521 /* LaunchScreen.storyboard in Resources */,
				4D152E691E4793CB00234625 /* Roboto-Medium.ttf in Resources */,
				4D152E6D1E4793CB00234625 /* Roboto-ThinItalic.ttf in Resources */,
				4D152E621E4793CB00234625 /* Roboto-Black.ttf in Resources */,
				AB9348FA1E3A6D1B00AB8521 /* Assets.xcassets in Resources */,
				AB9348F81E3A6D1B00AB8521 /* Main.storyboard in Resources */,
			);
			runOnlyForDeploymentPostprocessing = 0;
		};
/* End PBXResourcesBuildPhase section */

/* Begin PBXSourcesBuildPhase section */
		AB9348E91E3A6D1B00AB8521 /* Sources */ = {
			isa = PBXSourcesBuildPhase;
			buildActionMask = 2147483647;
			files = (
				AB9348F51E3A6D1B00AB8521 /* DetailViewController.swift in Sources */,
				AB9348F31E3A6D1B00AB8521 /* MasterViewController.swift in Sources */,
				AB9348F11E3A6D1B00AB8521 /* AppDelegate.swift in Sources */,
			);
			runOnlyForDeploymentPostprocessing = 0;
		};
/* End PBXSourcesBuildPhase section */

/* Begin PBXVariantGroup section */
		AB9348F61E3A6D1B00AB8521 /* Main.storyboard */ = {
			isa = PBXVariantGroup;
			children = (
				AB9348F71E3A6D1B00AB8521 /* Base */,
			);
			name = Main.storyboard;
			sourceTree = "<group>";
		};
		AB9348FB1E3A6D1B00AB8521 /* LaunchScreen.storyboard */ = {
			isa = PBXVariantGroup;
			children = (
				AB9348FC1E3A6D1B00AB8521 /* Base */,
			);
			name = LaunchScreen.storyboard;
			sourceTree = "<group>";
		};
/* End PBXVariantGroup section */

/* Begin XCBuildConfiguration section */
		AB9348FF1E3A6D1B00AB8521 /* Debug */ = {
			isa = XCBuildConfiguration;
			buildSettings = {
				ALWAYS_SEARCH_USER_PATHS = NO;
				CLANG_ANALYZER_NONNULL = YES;
				CLANG_CXX_LANGUAGE_STANDARD = "gnu++0x";
				CLANG_CXX_LIBRARY = "libc++";
				CLANG_ENABLE_MODULES = YES;
				CLANG_ENABLE_OBJC_ARC = YES;
				CLANG_WARN_BOOL_CONVERSION = YES;
				CLANG_WARN_CONSTANT_CONVERSION = YES;
				CLANG_WARN_DIRECT_OBJC_ISA_USAGE = YES_ERROR;
				CLANG_WARN_DOCUMENTATION_COMMENTS = YES;
				CLANG_WARN_EMPTY_BODY = YES;
				CLANG_WARN_ENUM_CONVERSION = YES;
				CLANG_WARN_INFINITE_RECURSION = YES;
				CLANG_WARN_INT_CONVERSION = YES;
				CLANG_WARN_OBJC_ROOT_CLASS = YES_ERROR;
				CLANG_WARN_SUSPICIOUS_MOVE = YES;
				CLANG_WARN_UNREACHABLE_CODE = YES;
				CLANG_WARN__DUPLICATE_METHOD_MATCH = YES;
				"CODE_SIGN_IDENTITY[sdk=iphoneos*]" = "iPhone Developer";
				COPY_PHASE_STRIP = NO;
				DEBUG_INFORMATION_FORMAT = dwarf;
				ENABLE_STRICT_OBJC_MSGSEND = YES;
				ENABLE_TESTABILITY = YES;
				GCC_C_LANGUAGE_STANDARD = gnu99;
				GCC_DYNAMIC_NO_PIC = NO;
				GCC_NO_COMMON_BLOCKS = YES;
				GCC_OPTIMIZATION_LEVEL = 0;
				GCC_PREPROCESSOR_DEFINITIONS = (
					"DEBUG=1",
					"$(inherited)",
				);
				GCC_WARN_64_TO_32_BIT_CONVERSION = YES;
				GCC_WARN_ABOUT_RETURN_TYPE = YES_ERROR;
				GCC_WARN_UNDECLARED_SELECTOR = YES;
				GCC_WARN_UNINITIALIZED_AUTOS = YES_AGGRESSIVE;
				GCC_WARN_UNUSED_FUNCTION = YES;
				GCC_WARN_UNUSED_VARIABLE = YES;
				IPHONEOS_DEPLOYMENT_TARGET = 10.2;
				MTL_ENABLE_DEBUG_INFO = YES;
				ONLY_ACTIVE_ARCH = YES;
				SDKROOT = iphoneos;
				SWIFT_ACTIVE_COMPILATION_CONDITIONS = DEBUG;
				SWIFT_OPTIMIZATION_LEVEL = "-Onone";
			};
			name = Debug;
		};
		AB9349001E3A6D1B00AB8521 /* Release */ = {
			isa = XCBuildConfiguration;
			buildSettings = {
				ALWAYS_SEARCH_USER_PATHS = NO;
				CLANG_ANALYZER_NONNULL = YES;
				CLANG_CXX_LANGUAGE_STANDARD = "gnu++0x";
				CLANG_CXX_LIBRARY = "libc++";
				CLANG_ENABLE_MODULES = YES;
				CLANG_ENABLE_OBJC_ARC = YES;
				CLANG_WARN_BOOL_CONVERSION = YES;
				CLANG_WARN_CONSTANT_CONVERSION = YES;
				CLANG_WARN_DIRECT_OBJC_ISA_USAGE = YES_ERROR;
				CLANG_WARN_DOCUMENTATION_COMMENTS = YES;
				CLANG_WARN_EMPTY_BODY = YES;
				CLANG_WARN_ENUM_CONVERSION = YES;
				CLANG_WARN_INFINITE_RECURSION = YES;
				CLANG_WARN_INT_CONVERSION = YES;
				CLANG_WARN_OBJC_ROOT_CLASS = YES_ERROR;
				CLANG_WARN_SUSPICIOUS_MOVE = YES;
				CLANG_WARN_UNREACHABLE_CODE = YES;
				CLANG_WARN__DUPLICATE_METHOD_MATCH = YES;
				"CODE_SIGN_IDENTITY[sdk=iphoneos*]" = "iPhone Developer";
				COPY_PHASE_STRIP = NO;
				DEBUG_INFORMATION_FORMAT = "dwarf-with-dsym";
				ENABLE_NS_ASSERTIONS = NO;
				ENABLE_STRICT_OBJC_MSGSEND = YES;
				GCC_C_LANGUAGE_STANDARD = gnu99;
				GCC_NO_COMMON_BLOCKS = YES;
				GCC_WARN_64_TO_32_BIT_CONVERSION = YES;
				GCC_WARN_ABOUT_RETURN_TYPE = YES_ERROR;
				GCC_WARN_UNDECLARED_SELECTOR = YES;
				GCC_WARN_UNINITIALIZED_AUTOS = YES_AGGRESSIVE;
				GCC_WARN_UNUSED_FUNCTION = YES;
				GCC_WARN_UNUSED_VARIABLE = YES;
				IPHONEOS_DEPLOYMENT_TARGET = 10.2;
				MTL_ENABLE_DEBUG_INFO = NO;
				SDKROOT = iphoneos;
				SWIFT_OPTIMIZATION_LEVEL = "-Owholemodule";
				VALIDATE_PRODUCT = YES;
			};
			name = Release;
		};
		AB9349021E3A6D1B00AB8521 /* Debug */ = {
			isa = XCBuildConfiguration;
			buildSettings = {
				ASSETCATALOG_COMPILER_APPICON_NAME = AppIcon;
				DEVELOPMENT_TEAM = 85N3S3DG8M;
				INFOPLIST_FILE = JBFileManager/Info.plist;
				IPHONEOS_DEPLOYMENT_TARGET = 9.0;
				LD_RUNPATH_SEARCH_PATHS = "$(inherited) @executable_path/Frameworks";
				PRODUCT_BUNDLE_IDENTIFIER = ca.devsec.JBFileManager;
				PRODUCT_NAME = "$(TARGET_NAME)";
				SWIFT_VERSION = 3.0;
			};
			name = Debug;
		};
		AB9349031E3A6D1B00AB8521 /* Release */ = {
			isa = XCBuildConfiguration;
			buildSettings = {
				ASSETCATALOG_COMPILER_APPICON_NAME = AppIcon;
				DEVELOPMENT_TEAM = 85N3S3DG8M;
				INFOPLIST_FILE = JBFileManager/Info.plist;
				IPHONEOS_DEPLOYMENT_TARGET = 9.0;
				LD_RUNPATH_SEARCH_PATHS = "$(inherited) @executable_path/Frameworks";
				PRODUCT_BUNDLE_IDENTIFIER = ca.devsec.JBFileManager;
				PRODUCT_NAME = "$(TARGET_NAME)";
				SWIFT_VERSION = 3.0;
			};
			name = Release;
		};
/* End XCBuildConfiguration section */

/* Begin XCConfigurationList section */
		AB9348E81E3A6D1B00AB8521 /* Build configuration list for PBXProject "JBFileManager" */ = {
			isa = XCConfigurationList;
			buildConfigurations = (
				AB9348FF1E3A6D1B00AB8521 /* Debug */,
				AB9349001E3A6D1B00AB8521 /* Release */,
			);
			defaultConfigurationIsVisible = 0;
			defaultConfigurationName = Release;
		};
		AB9349011E3A6D1B00AB8521 /* Build configuration list for PBXNativeTarget "JBFileManager" */ = {
			isa = XCConfigurationList;
			buildConfigurations = (
				AB9349021E3A6D1B00AB8521 /* Debug */,
				AB9349031E3A6D1B00AB8521 /* Release */,
			);
			defaultConfigurationIsVisible = 0;
			defaultConfigurationName = Release;
		};
/* End XCConfigurationList section */
	};
	rootObject = AB9348E51E3A6D1B00AB8521 /* Project object */;
}
